// !$*UTF8*$!
{
	archiveVersion = 1;
	classes = {
	};
	objectVersion = 56;
	objects = {

/* Begin PBXBuildFile section */
		464A36AF2B05178D00F68A8C /* FlappyBirdApp.swift in Sources */ = {isa = PBXBuildFile; fileRef = 464A36AE2B05178D00F68A8C /* FlappyBirdApp.swift */; };
		464A36B12B05178D00F68A8C /* GameView.swift in Sources */ = {isa = PBXBuildFile; fileRef = 464A36B02B05178D00F68A8C /* GameView.swift */; };
		464A36B32B05178E00F68A8C /* Assets.xcassets in Resources */ = {isa = PBXBuildFile; fileRef = 464A36B22B05178E00F68A8C /* Assets.xcassets */; };
		464A36B62B05178E00F68A8C /* Preview Assets.xcassets in Resources */ = {isa = PBXBuildFile; fileRef = 464A36B52B05178E00F68A8C /* Preview Assets.xcassets */; };
		464A36D92B051CB400F68A8C /* BirdView.swift in Sources */ = {isa = PBXBuildFile; fileRef = 464A36D82B051CB400F68A8C /* BirdView.swift */; };
		464A36DB2B051EFA00F68A8C /* PipeView.swift in Sources */ = {isa = PBXBuildFile; fileRef = 464A36DA2B051EFA00F68A8C /* PipeView.swift */; };
		464A4F812B065DAB007C5A47 /* ResultView.swift in Sources */ = {isa = PBXBuildFile; fileRef = 464A4F802B065DAB007C5A47 /* ResultView.swift */; };
/* End PBXBuildFile section */

/* Begin PBXContainerItemProxy section */
		464A36BC2B05178E00F68A8C /* PBXContainerItemProxy */ = {
			isa = PBXContainerItemProxy;
			containerPortal = 464A36A32B05178D00F68A8C /* Project object */;
			proxyType = 1;
			remoteGlobalIDString = 464A36AA2B05178D00F68A8C;
			remoteInfo = FlappyBird;
		};
		464A36C62B05178E00F68A8C /* PBXContainerItemProxy */ = {
			isa = PBXContainerItemProxy;
			containerPortal = 464A36A32B05178D00F68A8C /* Project object */;
			proxyType = 1;
			remoteGlobalIDString = 464A36AA2B05178D00F68A8C;
			remoteInfo = FlappyBird;
		};
/* End PBXContainerItemProxy section */

/* Begin PBXFileReference section */
		464A36AB2B05178D00F68A8C /* FlappyBird.app */ = {isa = PBXFileReference; explicitFileType = wrapper.application; includeInIndex = 0; path = FlappyBird.app; sourceTree = BUILT_PRODUCTS_DIR; };
		464A36AE2B05178D00F68A8C /* FlappyBirdApp.swift */ = {isa = PBXFileReference; lastKnownFileType = sourcecode.swift; path = FlappyBirdApp.swift; sourceTree = "<group>"; };
		464A36B02B05178D00F68A8C /* GameView.swift */ = {isa = PBXFileReference; lastKnownFileType = sourcecode.swift; path = GameView.swift; sourceTree = "<group>"; };
		464A36B22B05178E00F68A8C /* Assets.xcassets */ = {isa = PBXFileReference; lastKnownFileType = folder.assetcatalog; path = Assets.xcassets; sourceTree = "<group>"; };
		464A36B52B05178E00F68A8C /* Preview Assets.xcassets */ = {isa = PBXFileReference; lastKnownFileType = folder.assetcatalog; path = "Preview Assets.xcassets"; sourceTree = "<group>"; };
		464A36BB2B05178E00F68A8C /* FlappyBirdTests.xctest */ = {isa = PBXFileReference; explicitFileType = wrapper.cfbundle; includeInIndex = 0; path = FlappyBirdTests.xctest; sourceTree = BUILT_PRODUCTS_DIR; };
		464A36C52B05178E00F68A8C /* FlappyBirdUITests.xctest */ = {isa = PBXFileReference; explicitFileType = wrapper.cfbundle; includeInIndex = 0; path = FlappyBirdUITests.xctest; sourceTree = BUILT_PRODUCTS_DIR; };
		464A36D82B051CB400F68A8C /* BirdView.swift */ = {isa = PBXFileReference; lastKnownFileType = sourcecode.swift; path = BirdView.swift; sourceTree = "<group>"; };
		464A36DA2B051EFA00F68A8C /* PipeView.swift */ = {isa = PBXFileReference; lastKnownFileType = sourcecode.swift; path = PipeView.swift; sourceTree = "<group>"; };
		464A4F802B065DAB007C5A47 /* ResultView.swift */ = {isa = PBXFileReference; lastKnownFileType = sourcecode.swift; path = ResultView.swift; sourceTree = "<group>"; };
/* End PBXFileReference section */

/* Begin PBXFrameworksBuildPhase section */
		464A36A82B05178D00F68A8C /* Frameworks */ = {
			isa = PBXFrameworksBuildPhase;
			buildActionMask = 2147483647;
			files = (
			);
			runOnlyForDeploymentPostprocessing = 0;
		};
		464A36B82B05178E00F68A8C /* Frameworks */ = {
			isa = PBXFrameworksBuildPhase;
			buildActionMask = 2147483647;
			files = (
			);
			runOnlyForDeploymentPostprocessing = 0;
		};
		464A36C22B05178E00F68A8C /* Frameworks */ = {
			isa = PBXFrameworksBuildPhase;
			buildActionMask = 2147483647;
			files = (
			);
			runOnlyForDeploymentPostprocessing = 0;
		};
/* End PBXFrameworksBuildPhase section */

/* Begin PBXGroup section */
		464A36A22B05178D00F68A8C = {
			isa = PBXGroup;
			children = (
				464A36AD2B05178D00F68A8C /* FlappyBird */,
				464A36AC2B05178D00F68A8C /* Products */,
			);
			sourceTree = "<group>";
		};
		464A36AC2B05178D00F68A8C /* Products */ = {
			isa = PBXGroup;
			children = (
				464A36AB2B05178D00F68A8C /* FlappyBird.app */,
				464A36BB2B05178E00F68A8C /* FlappyBirdTests.xctest */,
				464A36C52B05178E00F68A8C /* FlappyBirdUITests.xctest */,
			);
			name = Products;
			sourceTree = "<group>";
		};
		464A36AD2B05178D00F68A8C /* FlappyBird */ = {
			isa = PBXGroup;
			children = (
				464A36AE2B05178D00F68A8C /* FlappyBirdApp.swift */,
				464A4F822B06683E007C5A47 /* Views */,
				464A4F832B066858007C5A47 /* Source */,
				464A36B42B05178E00F68A8C /* Preview Content */,
			);
			path = FlappyBird;
			sourceTree = "<group>";
		};
		464A36B42B05178E00F68A8C /* Preview Content */ = {
			isa = PBXGroup;
			children = (
				464A36B52B05178E00F68A8C /* Preview Assets.xcassets */,
			);
			path = "Preview Content";
			sourceTree = "<group>";
		};
		464A4F822B06683E007C5A47 /* Views */ = {
			isa = PBXGroup;
			children = (
				464A36B02B05178D00F68A8C /* GameView.swift */,
				464A36D82B051CB400F68A8C /* BirdView.swift */,
				464A36DA2B051EFA00F68A8C /* PipeView.swift */,
				464A4F802B065DAB007C5A47 /* ResultView.swift */,
			);
			path = Views;
			sourceTree = "<group>";
		};
		464A4F832B066858007C5A47 /* Source */ = {
			isa = PBXGroup;
			children = (
				464A36B22B05178E00F68A8C /* Assets.xcassets */,
			);
			path = Source;
			sourceTree = "<group>";
		};
/* End PBXGroup section */

/* Begin PBXNativeTarget section */
		464A36AA2B05178D00F68A8C /* FlappyBird */ = {
			isa = PBXNativeTarget;
			buildConfigurationList = 464A36CF2B05178E00F68A8C /* Build configuration list for PBXNativeTarget "FlappyBird" */;
			buildPhases = (
				464A36A72B05178D00F68A8C /* Sources */,
				464A36A82B05178D00F68A8C /* Frameworks */,
				464A36A92B05178D00F68A8C /* Resources */,
			);
			buildRules = (
			);
			dependencies = (
			);
			name = FlappyBird;
			productName = FlappyBird;
			productReference = 464A36AB2B05178D00F68A8C /* FlappyBird.app */;
			productType = "com.apple.product-type.application";
		};
		464A36BA2B05178E00F68A8C /* FlappyBirdTests */ = {
			isa = PBXNativeTarget;
			buildConfigurationList = 464A36D22B05178E00F68A8C /* Build configuration list for PBXNativeTarget "FlappyBirdTests" */;
			buildPhases = (
				464A36B72B05178E00F68A8C /* Sources */,
				464A36B82B05178E00F68A8C /* Frameworks */,
				464A36B92B05178E00F68A8C /* Resources */,
			);
			buildRules = (
			);
			dependencies = (
				464A36BD2B05178E00F68A8C /* PBXTargetDependency */,
			);
			name = FlappyBirdTests;
			productName = FlappyBirdTests;
			productReference = 464A36BB2B05178E00F68A8C /* FlappyBirdTests.xctest */;
			productType = "com.apple.product-type.bundle.unit-test";
		};
		464A36C42B05178E00F68A8C /* FlappyBirdUITests */ = {
			isa = PBXNativeTarget;
			buildConfigurationList = 464A36D52B05178E00F68A8C /* Build configuration list for PBXNativeTarget "FlappyBirdUITests" */;
			buildPhases = (
				464A36C12B05178E00F68A8C /* Sources */,
				464A36C22B05178E00F68A8C /* Frameworks */,
				464A36C32B05178E00F68A8C /* Resources */,
			);
			buildRules = (
			);
			dependencies = (
				464A36C72B05178E00F68A8C /* PBXTargetDependency */,
			);
			name = FlappyBirdUITests;
			productName = FlappyBirdUITests;
			productReference = 464A36C52B05178E00F68A8C /* FlappyBirdUITests.xctest */;
			productType = "com.apple.product-type.bundle.ui-testing";
		};
/* End PBXNativeTarget section */

/* Begin PBXProject section */
		464A36A32B05178D00F68A8C /* Project object */ = {
			isa = PBXProject;
			attributes = {
				BuildIndependentTargetsInParallel = 1;
				LastSwiftUpdateCheck = 1430;
				LastUpgradeCheck = 1430;
				TargetAttributes = {
					464A36AA2B05178D00F68A8C = {
						CreatedOnToolsVersion = 14.3.1;
					};
					464A36BA2B05178E00F68A8C = {
						CreatedOnToolsVersion = 14.3.1;
						TestTargetID = 464A36AA2B05178D00F68A8C;
					};
					464A36C42B05178E00F68A8C = {
						CreatedOnToolsVersion = 14.3.1;
						TestTargetID = 464A36AA2B05178D00F68A8C;
					};
				};
			};
			buildConfigurationList = 464A36A62B05178D00F68A8C /* Build configuration list for PBXProject "FlappyBird" */;
			compatibilityVersion = "Xcode 14.0";
			developmentRegion = en;
			hasScannedForEncodings = 0;
			knownRegions = (
				en,
				Base,
			);
			mainGroup = 464A36A22B05178D00F68A8C;
			productRefGroup = 464A36AC2B05178D00F68A8C /* Products */;
			projectDirPath = "";
			projectRoot = "";
			targets = (
				464A36AA2B05178D00F68A8C /* FlappyBird */,
				464A36BA2B05178E00F68A8C /* FlappyBirdTests */,
				464A36C42B05178E00F68A8C /* FlappyBirdUITests */,
			);
		};
/* End PBXProject section */

/* Begin PBXResourcesBuildPhase section */
		464A36A92B05178D00F68A8C /* Resources */ = {
			isa = PBXResourcesBuildPhase;
			buildActionMask = 2147483647;
			files = (
				464A36B62B05178E00F68A8C /* Preview Assets.xcassets in Resources */,
				464A36B32B05178E00F68A8C /* Assets.xcassets in Resources */,
			);
			runOnlyForDeploymentPostprocessing = 0;
		};
		464A36B92B05178E00F68A8C /* Resources */ = {
			isa = PBXResourcesBuildPhase;
			buildActionMask = 2147483647;
			files = (
			);
			runOnlyForDeploymentPostprocessing = 0;
		};
		464A36C32B05178E00F68A8C /* Resources */ = {
			isa = PBXResourcesBuildPhase;
			buildActionMask = 2147483647;
			files = (
			);
			runOnlyForDeploymentPostprocessing = 0;
		};
/* End PBXResourcesBuildPhase section */

/* Begin PBXSourcesBuildPhase section */
		464A36A72B05178D00F68A8C /* Sources */ = {
			isa = PBXSourcesBuildPhase;
			buildActionMask = 2147483647;
			files = (
				464A36D92B051CB400F68A8C /* BirdView.swift in Sources */,
				464A36B12B05178D00F68A8C /* GameView.swift in Sources */,
				464A4F812B065DAB007C5A47 /* ResultView.swift in Sources */,
				464A36DB2B051EFA00F68A8C /* PipeView.swift in Sources */,
				464A36AF2B05178D00F68A8C /* FlappyBirdApp.swift in Sources */,
			);
			runOnlyForDeploymentPostprocessing = 0;
		};
		464A36B72B05178E00F68A8C /* Sources */ = {
			isa = PBXSourcesBuildPhase;
			buildActionMask = 2147483647;
			files = (
			);
			runOnlyForDeploymentPostprocessing = 0;
		};
		464A36C12B05178E00F68A8C /* Sources */ = {
			isa = PBXSourcesBuildPhase;
			buildActionMask = 2147483647;
			files = (
			);
			runOnlyForDeploymentPostprocessing = 0;
		};
/* End PBXSourcesBuildPhase section */

/* Begin PBXTargetDependency section */
		464A36BD2B05178E00F68A8C /* PBXTargetDependency */ = {
			isa = PBXTargetDependency;
			target = 464A36AA2B05178D00F68A8C /* FlappyBird */;
			targetProxy = 464A36BC2B05178E00F68A8C /* PBXContainerItemProxy */;
		};
		464A36C72B05178E00F68A8C /* PBXTargetDependency */ = {
			isa = PBXTargetDependency;
			target = 464A36AA2B05178D00F68A8C /* FlappyBird */;
			targetProxy = 464A36C62B05178E00F68A8C /* PBXContainerItemProxy */;
		};
/* End PBXTargetDependency section */

/* Begin XCBuildConfiguration section */
		464A36CD2B05178E00F68A8C /* Debug */ = {
			isa = XCBuildConfiguration;
			buildSettings = {
				ALWAYS_SEARCH_USER_PATHS = NO;
				CLANG_ANALYZER_NONNULL = YES;
				CLANG_ANALYZER_NUMBER_OBJECT_CONVERSION = YES_AGGRESSIVE;
				CLANG_CXX_LANGUAGE_STANDARD = "gnu++20";
				CLANG_ENABLE_MODULES = YES;
				CLANG_ENABLE_OBJC_ARC = YES;
				CLANG_ENABLE_OBJC_WEAK = YES;
				CLANG_WARN_BLOCK_CAPTURE_AUTORELEASING = YES;
				CLANG_WARN_BOOL_CONVERSION = YES;
				CLANG_WARN_COMMA = YES;
				CLANG_WARN_CONSTANT_CONVERSION = YES;
				CLANG_WARN_DEPRECATED_OBJC_IMPLEMENTATIONS = YES;
				CLANG_WARN_DIRECT_OBJC_ISA_USAGE = YES_ERROR;
				CLANG_WARN_DOCUMENTATION_COMMENTS = YES;
				CLANG_WARN_EMPTY_BODY = YES;
				CLANG_WARN_ENUM_CONVERSION = YES;
				CLANG_WARN_INFINITE_RECURSION = YES;
				CLANG_WARN_INT_CONVERSION = YES;
				CLANG_WARN_NON_LITERAL_NULL_CONVERSION = YES;
				CLANG_WARN_OBJC_IMPLICIT_RETAIN_SELF = YES;
				CLANG_WARN_OBJC_LITERAL_CONVERSION = YES;
				CLANG_WARN_OBJC_ROOT_CLASS = YES_ERROR;
				CLANG_WARN_QUOTED_INCLUDE_IN_FRAMEWORK_HEADER = YES;
				CLANG_WARN_RANGE_LOOP_ANALYSIS = YES;
				CLANG_WARN_STRICT_PROTOTYPES = YES;
				CLANG_WARN_SUSPICIOUS_MOVE = YES;
				CLANG_WARN_UNGUARDED_AVAILABILITY = YES_AGGRESSIVE;
				CLANG_WARN_UNREACHABLE_CODE = YES;
				CLANG_WARN__DUPLICATE_METHOD_MATCH = YES;
				COPY_PHASE_STRIP = NO;
				DEBUG_INFORMATION_FORMAT = dwarf;
				ENABLE_STRICT_OBJC_MSGSEND = YES;
				ENABLE_TESTABILITY = YES;
				GCC_C_LANGUAGE_STANDARD = gnu11;
				GCC_DYNAMIC_NO_PIC = NO;
				GCC_NO_COMMON_BLOCKS = YES;
				GCC_OPTIMIZATION_LEVEL = 0;
				GCC_PREPROCESSOR_DEFINITIONS = (
					"DEBUG=1",
					"$(inherited)",
				);
				GCC_WARN_64_TO_32_BIT_CONVERSION = YES;
				GCC_WARN_ABOUT_RETURN_TYPE = YES_ERROR;
				GCC_WARN_UNDECLARED_SELECTOR = YES;
				GCC_WARN_UNINITIALIZED_AUTOS = YES_AGGRESSIVE;
				GCC_WARN_UNUSED_FUNCTION = YES;
				GCC_WARN_UNUSED_VARIABLE = YES;
				IPHONEOS_DEPLOYMENT_TARGET = 16.4;
				MTL_ENABLE_DEBUG_INFO = INCLUDE_SOURCE;
				MTL_FAST_MATH = YES;
				ONLY_ACTIVE_ARCH = YES;
				SDKROOT = iphoneos;
				SWIFT_ACTIVE_COMPILATION_CONDITIONS = DEBUG;
				SWIFT_OPTIMIZATION_LEVEL = "-Onone";
			};
			name = Debug;
		};
		464A36CE2B05178E00F68A8C /* Release */ = {
			isa = XCBuildConfiguration;
			buildSettings = {
				ALWAYS_SEARCH_USER_PATHS = NO;
				CLANG_ANALYZER_NONNULL = YES;
				CLANG_ANALYZER_NUMBER_OBJECT_CONVERSION = YES_AGGRESSIVE;
				CLANG_CXX_LANGUAGE_STANDARD = "gnu++20";
				CLANG_ENABLE_MODULES = YES;
				CLANG_ENABLE_OBJC_ARC = YES;
				CLANG_ENABLE_OBJC_WEAK = YES;
				CLANG_WARN_BLOCK_CAPTURE_AUTORELEASING = YES;
				CLANG_WARN_BOOL_CONVERSION = YES;
				CLANG_WARN_COMMA = YES;
				CLANG_WARN_CONSTANT_CONVERSION = YES;
				CLANG_WARN_DEPRECATED_OBJC_IMPLEMENTATIONS = YES;
				CLANG_WARN_DIRECT_OBJC_ISA_USAGE = YES_ERROR;
				CLANG_WARN_DOCUMENTATION_COMMENTS = YES;
				CLANG_WARN_EMPTY_BODY = YES;
				CLANG_WARN_ENUM_CONVERSION = YES;
				CLANG_WARN_INFINITE_RECURSION = YES;
				CLANG_WARN_INT_CONVERSION = YES;
				CLANG_WARN_NON_LITERAL_NULL_CONVERSION = YES;
				CLANG_WARN_OBJC_IMPLICIT_RETAIN_SELF = YES;
				CLANG_WARN_OBJC_LITERAL_CONVERSION = YES;
				CLANG_WARN_OBJC_ROOT_CLASS = YES_ERROR;
				CLANG_WARN_QUOTED_INCLUDE_IN_FRAMEWORK_HEADER = YES;
				CLANG_WARN_RANGE_LOOP_ANALYSIS = YES;
				CLANG_WARN_STRICT_PROTOTYPES = YES;
				CLANG_WARN_SUSPICIOUS_MOVE = YES;
				CLANG_WARN_UNGUARDED_AVAILABILITY = YES_AGGRESSIVE;
				CLANG_WARN_UNREACHABLE_CODE = YES;
				CLANG_WARN__DUPLICATE_METHOD_MATCH = YES;
				COPY_PHASE_STRIP = NO;
				DEBUG_INFORMATION_FORMAT = "dwarf-with-dsym";
				ENABLE_NS_ASSERTIONS = NO;
				ENABLE_STRICT_OBJC_MSGSEND = YES;
				GCC_C_LANGUAGE_STANDARD = gnu11;
				GCC_NO_COMMON_BLOCKS = YES;
				GCC_WARN_64_TO_32_BIT_CONVERSION = YES;
				GCC_WARN_ABOUT_RETURN_TYPE = YES_ERROR;
				GCC_WARN_UNDECLARED_SELECTOR = YES;
				GCC_WARN_UNINITIALIZED_AUTOS = YES_AGGRESSIVE;
				GCC_WARN_UNUSED_FUNCTION = YES;
				GCC_WARN_UNUSED_VARIABLE = YES;
				IPHONEOS_DEPLOYMENT_TARGET = 16.4;
				MTL_ENABLE_DEBUG_INFO = NO;
				MTL_FAST_MATH = YES;
				SDKROOT = iphoneos;
				SWIFT_COMPILATION_MODE = wholemodule;
				SWIFT_OPTIMIZATION_LEVEL = "-O";
				VALIDATE_PRODUCT = YES;
			};
			name = Release;
		};
		464A36D02B05178E00F68A8C /* Debug */ = {
			isa = XCBuildConfiguration;
			buildSettings = {
				ASSETCATALOG_COMPILER_APPICON_NAME = AppIcon;
				ASSETCATALOG_COMPILER_GLOBAL_ACCENT_COLOR_NAME = AccentColor;
				CODE_SIGN_STYLE = Automatic;
				CURRENT_PROJECT_VERSION = 1;
				DEVELOPMENT_ASSET_PATHS = "\"FlappyBird/Preview Content\"";
				DEVELOPMENT_TEAM = 77WLJ5J8T8;
				ENABLE_PREVIEWS = YES;
				GENERATE_INFOPLIST_FILE = YES;
				INFOPLIST_KEY_UIApplicationSceneManifest_Generation = YES;
				INFOPLIST_KEY_UIApplicationSupportsIndirectInputEvents = YES;
				INFOPLIST_KEY_UILaunchScreen_Generation = YES;
				INFOPLIST_KEY_UISupportedInterfaceOrientations_iPad = "UIInterfaceOrientationPortrait UIInterfaceOrientationPortraitUpsideDown UIInterfaceOrientationLandscapeLeft UIInterfaceOrientationLandscapeRight";
				INFOPLIST_KEY_UISupportedInterfaceOrientations_iPhone = "UIInterfaceOrientationPortrait UIInterfaceOrientationLandscapeLeft UIInterfaceOrientationLandscapeRight";
				LD_RUNPATH_SEARCH_PATHS = (
					"$(inherited)",
					"@executable_path/Frameworks",
				);
				MARKETING_VERSION = 1.0;
				PRODUCT_BUNDLE_IDENTIFIER = com.smartactive.FlappyBird;
				PRODUCT_NAME = "$(TARGET_NAME)";
				SWIFT_EMIT_LOC_STRINGS = YES;
				SWIFT_VERSION = 5.0;
				TARGETED_DEVICE_FAMILY = "1,2";
			};
			name = Debug;
		};
		464A36D12B05178E00F68A8C /* Release */ = {
			isa = XCBuildConfiguration;
			buildSettings = {
				ASSETCATALOG_COMPILER_APPICON_NAME = AppIcon;
				ASSETCATALOG_COMPILER_GLOBAL_ACCENT_COLOR_NAME = AccentColor;
				CODE_SIGN_STYLE = Automatic;
				CURRENT_PROJECT_VERSION = 1;
				DEVELOPMENT_ASSET_PATHS = "\"FlappyBird/Preview Content\"";
				DEVELOPMENT_TEAM = 77WLJ5J8T8;
				ENABLE_PREVIEWS = YES;
				GENERATE_INFOPLIST_FILE = YES;
				INFOPLIST_KEY_UIApplicationSceneManifest_Generation = YES;
				INFOPLIST_KEY_UIApplicationSupportsIndirectInputEvents = YES;
				INFOPLIST_KEY_UILaunchScreen_Generation = YES;
				INFOPLIST_KEY_UISupportedInterfaceOrientations_iPad = "UIInterfaceOrientationPortrait UIInterfaceOrientationPortraitUpsideDown UIInterfaceOrientationLandscapeLeft UIInterfaceOrientationLandscapeRight";
				INFOPLIST_KEY_UISupportedInterfaceOrientations_iPhone = "UIInterfaceOrientationPortrait UIInterfaceOrientationLandscapeLeft UIInterfaceOrientationLandscapeRight";
				LD_RUNPATH_SEARCH_PATHS = (
					"$(inherited)",
					"@executable_path/Frameworks",
				);
				MARKETING_VERSION = 1.0;
				PRODUCT_BUNDLE_IDENTIFIER = com.smartactive.FlappyBird;
				PRODUCT_NAME = "$(TARGET_NAME)";
				SWIFT_EMIT_LOC_STRINGS = YES;
				SWIFT_VERSION = 5.0;
				TARGETED_DEVICE_FAMILY = "1,2";
			};
			name = Release;
		};
		464A36D32B05178E00F68A8C /* Debug */ = {
			isa = XCBuildConfiguration;
			buildSettings = {
				ALWAYS_EMBED_SWIFT_STANDARD_LIBRARIES = YES;
				BUNDLE_LOADER = "$(TEST_HOST)";
				CODE_SIGN_STYLE = Automatic;
				CURRENT_PROJECT_VERSION = 1;
				DEVELOPMENT_TEAM = 77WLJ5J8T8;
				GENERATE_INFOPLIST_FILE = YES;
				IPHONEOS_DEPLOYMENT_TARGET = 16.4;
				MARKETING_VERSION = 1.0;
				PRODUCT_BUNDLE_IDENTIFIER = com.smartactive.FlappyBirdTests;
				PRODUCT_NAME = "$(TARGET_NAME)";
				SWIFT_EMIT_LOC_STRINGS = NO;
				SWIFT_VERSION = 5.0;
				TARGETED_DEVICE_FAMILY = "1,2";
				TEST_HOST = "$(BUILT_PRODUCTS_DIR)/FlappyBird.app/$(BUNDLE_EXECUTABLE_FOLDER_PATH)/FlappyBird";
			};
			name = Debug;
		};
		464A36D42B05178E00F68A8C /* Release */ = {
			isa = XCBuildConfiguration;
			buildSettings = {
				ALWAYS_EMBED_SWIFT_STANDARD_LIBRARIES = YES;
				BUNDLE_LOADER = "$(TEST_HOST)";
				CODE_SIGN_STYLE = Automatic;
				CURRENT_PROJECT_VERSION = 1;
				DEVELOPMENT_TEAM = 77WLJ5J8T8;
				GENERATE_INFOPLIST_FILE = YES;
				IPHONEOS_DEPLOYMENT_TARGET = 16.4;
				MARKETING_VERSION = 1.0;
				PRODUCT_BUNDLE_IDENTIFIER = com.smartactive.FlappyBirdTests;
				PRODUCT_NAME = "$(TARGET_NAME)";
				SWIFT_EMIT_LOC_STRINGS = NO;
				SWIFT_VERSION = 5.0;
				TARGETED_DEVICE_FAMILY = "1,2";
				TEST_HOST = "$(BUILT_PRODUCTS_DIR)/FlappyBird.app/$(BUNDLE_EXECUTABLE_FOLDER_PATH)/FlappyBird";
			};
			name = Release;
		};
		464A36D62B05178E00F68A8C /* Debug */ = {
			isa = XCBuildConfiguration;
			buildSettings = {
				ALWAYS_EMBED_SWIFT_STANDARD_LIBRARIES = YES;
				CODE_SIGN_STYLE = Automatic;
				CURRENT_PROJECT_VERSION = 1;
				DEVELOPMENT_TEAM = 77WLJ5J8T8;
				GENERATE_INFOPLIST_FILE = YES;
				MARKETING_VERSION = 1.0;
				PRODUCT_BUNDLE_IDENTIFIER = com.smartactive.FlappyBirdUITests;
				PRODUCT_NAME = "$(TARGET_NAME)";
				SWIFT_EMIT_LOC_STRINGS = NO;
				SWIFT_VERSION = 5.0;
				TARGETED_DEVICE_FAMILY = "1,2";
				TEST_TARGET_NAME = FlappyBird;
			};
			name = Debug;
		};
		464A36D72B05178E00F68A8C /* Release */ = {
			isa = XCBuildConfiguration;
			buildSettings = {
				ALWAYS_EMBED_SWIFT_STANDARD_LIBRARIES = YES;
				CODE_SIGN_STYLE = Automatic;
				CURRENT_PROJECT_VERSION = 1;
				DEVELOPMENT_TEAM = 77WLJ5J8T8;
				GENERATE_INFOPLIST_FILE = YES;
				MARKETING_VERSION = 1.0;
				PRODUCT_BUNDLE_IDENTIFIER = com.smartactive.FlappyBirdUITests;
				PRODUCT_NAME = "$(TARGET_NAME)";
				SWIFT_EMIT_LOC_STRINGS = NO;
				SWIFT_VERSION = 5.0;
				TARGETED_DEVICE_FAMILY = "1,2";
				TEST_TARGET_NAME = FlappyBird;
			};
			name = Release;
		};
/* End XCBuildConfiguration section */

/* Begin XCConfigurationList section */
		464A36A62B05178D00F68A8C /* Build configuration list for PBXProject "FlappyBird" */ = {
			isa = XCConfigurationList;
			buildConfigurations = (
				464A36CD2B05178E00F68A8C /* Debug */,
				464A36CE2B05178E00F68A8C /* Release */,
			);
			defaultConfigurationIsVisible = 0;
			defaultConfigurationName = Release;
		};
		464A36CF2B05178E00F68A8C /* Build configuration list for PBXNativeTarget "FlappyBird" */ = {
			isa = XCConfigurationList;
			buildConfigurations = (
				464A36D02B05178E00F68A8C /* Debug */,
				464A36D12B05178E00F68A8C /* Release */,
			);
			defaultConfigurationIsVisible = 0;
			defaultConfigurationName = Release;
		};
		464A36D22B05178E00F68A8C /* Build configuration list for PBXNativeTarget "FlappyBirdTests" */ = {
			isa = XCConfigurationList;
			buildConfigurations = (
				464A36D32B05178E00F68A8C /* Debug */,
				464A36D42B05178E00F68A8C /* Release */,
			);
			defaultConfigurationIsVisible = 0;
			defaultConfigurationName = Release;
		};
		464A36D52B05178E00F68A8C /* Build configuration list for PBXNativeTarget "FlappyBirdUITests" */ = {
			isa = XCConfigurationList;
			buildConfigurations = (
				464A36D62B05178E00F68A8C /* Debug */,
				464A36D72B05178E00F68A8C /* Release */,
			);
			defaultConfigurationIsVisible = 0;
			defaultConfigurationName = Release;
		};
/* End XCConfigurationList section */
	};
	rootObject = 464A36A32B05178D00F68A8C /* Project object */;
}
